
Microsoft Visual Studio Solution File, Format Version 12.00
# Visual Studio Version 17
VisualStudioVersion = 17.0.31903.59
MinimumVisualStudioVersion = 10.0.40219.1
Project("{2150E333-8FDC-42A3-9474-1A3956D46DE8}") = "src", "src", "{827E0CD3-B72D-47B6-A68D-7590B98EB39B}"
EndProject
Project("{2150E333-8FDC-42A3-9474-1A3956D46DE8}") = "Platform", "Platform", "{4DF80442-A1E5-CC28-AE7B-27B5F9BFE52B}"
EndProject
Project("{FAE04EC0-301F-11D3-BF4B-00C04F79EFBC}") = "Platform.Api", "src\Platform\Platform.Api\Platform.Api.csproj", "{356F6E47-BE29-4E1B-A50E-C35EE61F1698}"
EndProject
Project("{FAE04EC0-301F-11D3-BF4B-00C04F79EFBC}") = "Platform.Application", "src\Platform\Platform.Application\Platform.Application.csproj", "{8CC26A89-4610-45C3-AA04-283BAC7DD27D}"
EndProject
Project("{FAE04EC0-301F-11D3-BF4B-00C04F79EFBC}") = "Platform.Domain", "src\Platform\Platform.Domain\Platform.Domain.csproj", "{80444C8F-4BB2-4BCE-9E5C-CE78BA000B78}"
EndProject
Project("{FAE04EC0-301F-11D3-BF4B-00C04F79EFBC}") = "Platform.Infrastructure", "src\Platform\Platform.Infrastructure\Platform.Infrastructure.csproj", "{AC799C65-0620-4FA8-B3E8-6F343EE81901}"
EndProject
Global
	GlobalSection(SolutionConfigurationPlatforms) = preSolution
		Debug|Any CPU = Debug|Any CPU
		Debug|x64 = Debug|x64
		Debug|x86 = Debug|x86
		Release|Any CPU = Release|Any CPU
		Release|x64 = Release|x64
		Release|x86 = Release|x86
	EndGlobalSection
	GlobalSection(ProjectConfigurationPlatforms) = postSolution
		{356F6E47-BE29-4E1B-A50E-C35EE61F1698}.Debug|Any CPU.ActiveCfg = Debug|Any CPU
		{356F6E47-BE29-4E1B-A50E-C35EE61F1698}.Debug|Any CPU.Build.0 = Debug|Any CPU
		{356F6E47-BE29-4E1B-A50E-C35EE61F1698}.Debug|x64.ActiveCfg = Debug|Any CPU
		{356F6E47-BE29-4E1B-A50E-C35EE61F1698}.Debug|x64.Build.0 = Debug|Any CPU
		{356F6E47-BE29-4E1B-A50E-C35EE61F1698}.Debug|x86.ActiveCfg = Debug|Any CPU
		{356F6E47-BE29-4E1B-A50E-C35EE61F1698}.Debug|x86.Build.0 = Debug|Any CPU
		{356F6E47-BE29-4E1B-A50E-C35EE61F1698}.Release|Any CPU.ActiveCfg = Release|Any CPU
		{356F6E47-BE29-4E1B-A50E-C35EE61F1698}.Release|Any CPU.Build.0 = Release|Any CPU
		{356F6E47-BE29-4E1B-A50E-C35EE61F1698}.Release|x64.ActiveCfg = Release|Any CPU
		{356F6E47-BE29-4E1B-A50E-C35EE61F1698}.Release|x64.Build.0 = Release|Any CPU
		{356F6E47-BE29-4E1B-A50E-C35EE61F1698}.Release|x86.ActiveCfg = Release|Any CPU
		{356F6E47-BE29-4E1B-A50E-C35EE61F1698}.Release|x86.Build.0 = Release|Any CPU
		{8CC26A89-4610-45C3-AA04-283BAC7DD27D}.Debug|Any CPU.ActiveCfg = Debug|Any CPU
		{8CC26A89-4610-45C3-AA04-283BAC7DD27D}.Debug|Any CPU.Build.0 = Debug|Any CPU
		{8CC26A89-4610-45C3-AA04-283BAC7DD27D}.Debug|x64.ActiveCfg = Debug|Any CPU
		{8CC26A89-4610-45C3-AA04-283BAC7DD27D}.Debug|x64.Build.0 = Debug|Any CPU
		{8CC26A89-4610-45C3-AA04-283BAC7DD27D}.Debug|x86.ActiveCfg = Debug|Any CPU
		{8CC26A89-4610-45C3-AA04-283BAC7DD27D}.Debug|x86.Build.0 = Debug|Any CPU
		{8CC26A89-4610-45C3-AA04-283BAC7DD27D}.Release|Any CPU.ActiveCfg = Release|Any CPU
		{8CC26A89-4610-45C3-AA04-283BAC7DD27D}.Release|Any CPU.Build.0 = Release|Any CPU
		{8CC26A89-4610-45C3-AA04-283BAC7DD27D}.Release|x64.ActiveCfg = Release|Any CPU
		{8CC26A89-4610-45C3-AA04-283BAC7DD27D}.Release|x64.Build.0 = Release|Any CPU
		{8CC26A89-4610-45C3-AA04-283BAC7DD27D}.Release|x86.ActiveCfg = Release|Any CPU
		{8CC26A89-4610-45C3-AA04-283BAC7DD27D}.Release|x86.Build.0 = Release|Any CPU
		{80444C8F-4BB2-4BCE-9E5C-CE78BA000B78}.Debug|Any CPU.ActiveCfg = Debug|Any CPU
		{80444C8F-4BB2-4BCE-9E5C-CE78BA000B78}.Debug|Any CPU.Build.0 = Debug|Any CPU
		{80444C8F-4BB2-4BCE-9E5C-CE78BA000B78}.Debug|x64.ActiveCfg = Debug|Any CPU
		{80444C8F-4BB2-4BCE-9E5C-CE78BA000B78}.Debug|x64.Build.0 = Debug|Any CPU
		{80444C8F-4BB2-4BCE-9E5C-CE78BA000B78}.Debug|x86.ActiveCfg = Debug|Any CPU
		{80444C8F-4BB2-4BCE-9E5C-CE78BA000B78}.Debug|x86.Build.0 = Debug|Any CPU
		{80444C8F-4BB2-4BCE-9E5C-CE78BA000B78}.Release|Any CPU.ActiveCfg = Release|Any CPU
		{80444C8F-4BB2-4BCE-9E5C-CE78BA000B78}.Release|Any CPU.Build.0 = Release|Any CPU
		{80444C8F-4BB2-4BCE-9E5C-CE78BA000B78}.Release|x64.ActiveCfg = Release|Any CPU
		{80444C8F-4BB2-4BCE-9E5C-CE78BA000B78}.Release|x64.Build.0 = Release|Any CPU
		{80444C8F-4BB2-4BCE-9E5C-CE78BA000B78}.Release|x86.ActiveCfg = Release|Any CPU
		{80444C8F-4BB2-4BCE-9E5C-CE78BA000B78}.Release|x86.Build.0 = Release|Any CPU
		{AC799C65-0620-4FA8-B3E8-6F343EE81901}.Debug|Any CPU.ActiveCfg = Debug|Any CPU
		{AC799C65-0620-4FA8-B3E8-6F343EE81901}.Debug|Any CPU.Build.0 = Debug|Any CPU
		{AC799C65-0620-4FA8-B3E8-6F343EE81901}.Debug|x64.ActiveCfg = Debug|Any CPU
		{AC799C65-0620-4FA8-B3E8-6F343EE81901}.Debug|x64.Build.0 = Debug|Any CPU
		{AC799C65-0620-4FA8-B3E8-6F343EE81901}.Debug|x86.ActiveCfg = Debug|Any CPU
		{AC799C65-0620-4FA8-B3E8-6F343EE81901}.Debug|x86.Build.0 = Debug|Any CPU
		{AC799C65-0620-4FA8-B3E8-6F343EE81901}.Release|Any CPU.ActiveCfg = Release|Any CPU
		{AC799C65-0620-4FA8-B3E8-6F343EE81901}.Release|Any CPU.Build.0 = Release|Any CPU
		{AC799C65-0620-4FA8-B3E8-6F343EE81901}.Release|x64.ActiveCfg = Release|Any CPU
		{AC799C65-0620-4FA8-B3E8-6F343EE81901}.Release|x64.Build.0 = Release|Any CPU
		{AC799C65-0620-4FA8-B3E8-6F343EE81901}.Release|x86.ActiveCfg = Release|Any CPU
		{AC799C65-0620-4FA8-B3E8-6F343EE81901}.Release|x86.Build.0 = Release|Any CPU
	EndGlobalSection
	GlobalSection(SolutionProperties) = preSolution
		HideSolutionNode = FALSE
	EndGlobalSection
	GlobalSection(NestedProjects) = preSolution
		{4DF80442-A1E5-CC28-AE7B-27B5F9BFE52B} = {827E0CD3-B72D-47B6-A68D-7590B98EB39B}
		{356F6E47-BE29-4E1B-A50E-C35EE61F1698} = {4DF80442-A1E5-CC28-AE7B-27B5F9BFE52B}
		{8CC26A89-4610-45C3-AA04-283BAC7DD27D} = {4DF80442-A1E5-CC28-AE7B-27B5F9BFE52B}
		{80444C8F-4BB2-4BCE-9E5C-CE78BA000B78} = {4DF80442-A1E5-CC28-AE7B-27B5F9BFE52B}
		{AC799C65-0620-4FA8-B3E8-6F343EE81901} = {4DF80442-A1E5-CC28-AE7B-27B5F9BFE52B}
	EndGlobalSection
EndGlobal
