
Microsoft Visual Studio Solution File, Format Version 12.00
# Visual Studio Version 17
VisualStudioVersion = 17.14.36705.20 d17.14
MinimumVisualStudioVersion = 10.0.40219.1
Project("{FAE04EC0-301F-11D3-BF4B-00C04F79EFBC}") = "Platform.Api", "Platform.Api\Platform.Api.csproj", "{64A670CD-3747-4640-8836-C0D79AD7D7D5}"
EndProject
Project("{FAE04EC0-301F-11D3-BF4B-00C04F79EFBC}") = "Platform.Application", "Platform.Application\Platform.Application.csproj", "{D913C86F-8BE2-448E-A777-AB6EA6350EA7}"
EndProject
Project("{FAE04EC0-301F-11D3-BF4B-00C04F79EFBC}") = "Platform.Domain", "Platform.Domain\Platform.Domain.csproj", "{53B7920A-CEBB-4E20-9F32-6B068624A875}"
EndProject
Project("{FAE04EC0-301F-11D3-BF4B-00C04F79EFBC}") = "Platform.Infrastructure", "Platform.Infrastructure\Platform.Infrastructure.csproj", "{A96040C8-49F0-4D79-8F36-AC8175DA38E6}"
EndProject
Global
	GlobalSection(SolutionConfigurationPlatforms) = preSolution
		Debug|Any CPU = Debug|Any CPU
		Release|Any CPU = Release|Any CPU
	EndGlobalSection
	GlobalSection(ProjectConfigurationPlatforms) = postSolution
		{64A670CD-3747-4640-8836-C0D79AD7D7D5}.Debug|Any CPU.ActiveCfg = Debug|Any CPU
		{64A670CD-3747-4640-8836-C0D79AD7D7D5}.Debug|Any CPU.Build.0 = Debug|Any CPU
		{64A670CD-3747-4640-8836-C0D79AD7D7D5}.Release|Any CPU.ActiveCfg = Release|Any CPU
		{64A670CD-3747-4640-8836-C0D79AD7D7D5}.Release|Any CPU.Build.0 = Release|Any CPU
		{D913C86F-8BE2-448E-A777-AB6EA6350EA7}.Debug|Any CPU.ActiveCfg = Debug|Any CPU
		{D913C86F-8BE2-448E-A777-AB6EA6350EA7}.Debug|Any CPU.Build.0 = Debug|Any CPU
		{D913C86F-8BE2-448E-A777-AB6EA6350EA7}.Release|Any CPU.ActiveCfg = Release|Any CPU
		{D913C86F-8BE2-448E-A777-AB6EA6350EA7}.Release|Any CPU.Build.0 = Release|Any CPU
		{53B7920A-CEBB-4E20-9F32-6B068624A875}.Debug|Any CPU.ActiveCfg = Debug|Any CPU
		{53B7920A-CEBB-4E20-9F32-6B068624A875}.Debug|Any CPU.Build.0 = Debug|Any CPU
		{53B7920A-CEBB-4E20-9F32-6B068624A875}.Release|Any CPU.ActiveCfg = Release|Any CPU
		{53B7920A-CEBB-4E20-9F32-6B068624A875}.Release|Any CPU.Build.0 = Release|Any CPU
		{A96040C8-49F0-4D79-8F36-AC8175DA38E6}.Debug|Any CPU.ActiveCfg = Debug|Any CPU
		{A96040C8-49F0-4D79-8F36-AC8175DA38E6}.Debug|Any CPU.Build.0 = Debug|Any CPU
		{A96040C8-49F0-4D79-8F36-AC8175DA38E6}.Release|Any CPU.ActiveCfg = Release|Any CPU
		{A96040C8-49F0-4D79-8F36-AC8175DA38E6}.Release|Any CPU.Build.0 = Release|Any CPU
	EndGlobalSection
	GlobalSection(SolutionProperties) = preSolution
		HideSolutionNode = FALSE
	EndGlobalSection
	GlobalSection(ExtensibilityGlobals) = postSolution
		SolutionGuid = {925EA18C-5B1C-4A31-A959-E9D39B25E145}
	EndGlobalSection
EndGlobal
